
Microsoft Visual Studio Solution File, Format Version 11.00
# Visual C# Express 2010
Project("{FAE04EC0-301F-11D3-BF4B-00C04F79EFBC}") = "WordsWithEnemies", "WordsWithEnemies\WordsWithEnemies.csproj", "{163C32C2-6997-42AA-BEEA-0E715F749929}"
EndProject
Global
	GlobalSection(SolutionConfigurationPlatforms) = preSolution
		Debug|x86 = Debug|x86
		Release|x86 = Release|x86
	EndGlobalSection
	GlobalSection(ProjectConfigurationPlatforms) = postSolution
		{163C32C2-6997-42AA-BEEA-0E715F749929}.Debug|x86.ActiveCfg = Debug|x86
		{163C32C2-6997-42AA-BEEA-0E715F749929}.Debug|x86.Build.0 = Debug|x86
		{163C32C2-6997-42AA-BEEA-0E715F749929}.Release|x86.ActiveCfg = Release|x86
		{163C32C2-6997-42AA-BEEA-0E715F749929}.Release|x86.Build.0 = Release|x86
	EndGlobalSection
	GlobalSection(SolutionProperties) = preSolution
		HideSolutionNode = FALSE
	EndGlobalSection
EndGlobal
